
Microsoft Visual Studio Solution File, Format Version 12.00
# Visual Studio Version 17
VisualStudioVersion = 17.1.32210.238
MinimumVisualStudioVersion = 10.0.40219.1
Project("{FAE04EC0-301F-11D3-BF4B-00C04F79EFBC}") = "CheckRadio", "CheckRadio\CheckRadio.csproj", "{ED809C59-68D4-47BF-BFCB-F920571DEC05}"
EndProject
Global
	GlobalSection(SolutionConfigurationPlatforms) = preSolution
		Debug|Any CPU = Debug|Any CPU
		Release|Any CPU = Release|Any CPU
	EndGlobalSection
	GlobalSection(ProjectConfigurationPlatforms) = postSolution
		{ED809C59-68D4-47BF-BFCB-F920571DEC05}.Debug|Any CPU.ActiveCfg = Debug|Any CPU
		{ED809C59-68D4-47BF-BFCB-F920571DEC05}.Debug|Any CPU.Build.0 = Debug|Any CPU
		{ED809C59-68D4-47BF-BFCB-F920571DEC05}.Release|Any CPU.ActiveCfg = Release|Any CPU
		{ED809C59-68D4-47BF-BFCB-F920571DEC05}.Release|Any CPU.Build.0 = Release|Any CPU
	EndGlobalSection
	GlobalSection(SolutionProperties) = preSolution
		HideSolutionNode = FALSE
	EndGlobalSection
	GlobalSection(ExtensibilityGlobals) = postSolution
		SolutionGuid = {1D13C1DE-CE54-40C6-BE6A-B99D7A39F60B}
	EndGlobalSection
EndGlobal
