
Microsoft Visual Studio Solution File, Format Version 12.00
# Visual Studio Version 17
VisualStudioVersion = 17.1.32210.238
MinimumVisualStudioVersion = 10.0.40219.1
Project("{FAE04EC0-301F-11D3-BF4B-00C04F79EFBC}") = "DbConsole", "DbConsole\DbConsole.csproj", "{ABF6324E-D5FD-403A-8925-885158FDEC28}"
EndProject
Global
	GlobalSection(SolutionConfigurationPlatforms) = preSolution
		Debug|Any CPU = Debug|Any CPU
		Release|Any CPU = Release|Any CPU
	EndGlobalSection
	GlobalSection(ProjectConfigurationPlatforms) = postSolution
		{ABF6324E-D5FD-403A-8925-885158FDEC28}.Debug|Any CPU.ActiveCfg = Debug|Any CPU
		{ABF6324E-D5FD-403A-8925-885158FDEC28}.Debug|Any CPU.Build.0 = Debug|Any CPU
		{ABF6324E-D5FD-403A-8925-885158FDEC28}.Release|Any CPU.ActiveCfg = Release|Any CPU
		{ABF6324E-D5FD-403A-8925-885158FDEC28}.Release|Any CPU.Build.0 = Release|Any CPU
	EndGlobalSection
	GlobalSection(SolutionProperties) = preSolution
		HideSolutionNode = FALSE
	EndGlobalSection
	GlobalSection(ExtensibilityGlobals) = postSolution
		SolutionGuid = {21B6C5F5-20B3-4397-93FA-E4FACD9D10C3}
	EndGlobalSection
EndGlobal
