
Microsoft Visual Studio Solution File, Format Version 12.00
# Visual Studio Version 17
VisualStudioVersion = 17.1.32210.238
MinimumVisualStudioVersion = 10.0.40219.1
Project("{FAE04EC0-301F-11D3-BF4B-00C04F79EFBC}") = "ScrollBarEjemplo", "ScrollBarEjemplo\ScrollBarEjemplo.csproj", "{77F2C7A2-381B-4C61-BC29-DD763CF17966}"
EndProject
Global
	GlobalSection(SolutionConfigurationPlatforms) = preSolution
		Debug|Any CPU = Debug|Any CPU
		Release|Any CPU = Release|Any CPU
	EndGlobalSection
	GlobalSection(ProjectConfigurationPlatforms) = postSolution
		{77F2C7A2-381B-4C61-BC29-DD763CF17966}.Debug|Any CPU.ActiveCfg = Debug|Any CPU
		{77F2C7A2-381B-4C61-BC29-DD763CF17966}.Debug|Any CPU.Build.0 = Debug|Any CPU
		{77F2C7A2-381B-4C61-BC29-DD763CF17966}.Release|Any CPU.ActiveCfg = Release|Any CPU
		{77F2C7A2-381B-4C61-BC29-DD763CF17966}.Release|Any CPU.Build.0 = Release|Any CPU
	EndGlobalSection
	GlobalSection(SolutionProperties) = preSolution
		HideSolutionNode = FALSE
	EndGlobalSection
	GlobalSection(ExtensibilityGlobals) = postSolution
		SolutionGuid = {DE57FE15-750B-4F66-9594-854EFFC65DE1}
	EndGlobalSection
EndGlobal
